
Microsoft Visual Studio Solution File, Format Version 12.00
# Visual Studio Version 17
VisualStudioVersion = 17.8.34525.116
MinimumVisualStudioVersion = 10.0.40219.1
Project("{9A19103F-16F7-4668-BE54-9A1E7A4F7556}") = "Blog-App", "Blog-App\Blog-App.csproj", "{48192B40-14E7-4DF3-80D8-3DACACB909F1}"
EndProject
Global
	GlobalSection(SolutionConfigurationPlatforms) = preSolution
		Debug|Any CPU = Debug|Any CPU
		Release|Any CPU = Release|Any CPU
	EndGlobalSection
	GlobalSection(ProjectConfigurationPlatforms) = postSolution
		{48192B40-14E7-4DF3-80D8-3DACACB909F1}.Debug|Any CPU.ActiveCfg = Debug|Any CPU
		{48192B40-14E7-4DF3-80D8-3DACACB909F1}.Debug|Any CPU.Build.0 = Debug|Any CPU
		{48192B40-14E7-4DF3-80D8-3DACACB909F1}.Release|Any CPU.ActiveCfg = Release|Any CPU
		{48192B40-14E7-4DF3-80D8-3DACACB909F1}.Release|Any CPU.Build.0 = Release|Any CPU
	EndGlobalSection
	GlobalSection(SolutionProperties) = preSolution
		HideSolutionNode = FALSE
	EndGlobalSection
	GlobalSection(ExtensibilityGlobals) = postSolution
		SolutionGuid = {4F5B9852-FE7F-4C24-ADC2-D92ED4A9E1D5}
	EndGlobalSection
EndGlobal
